
Microsoft Visual Studio Solution File, Format Version 12.00
# Visual Studio 14
VisualStudioVersion = 14.0.25420.1
MinimumVisualStudioVersion = 10.0.40219.1
Project("{8BC9CEB8-8B4A-11D0-8D11-00A0C91BC942}") = "lua", "lua\lua.vcxproj", "{6913AD96-4D42-4F47-82FA-1A1D5601C82A}"
EndProject
Project("{8BC9CEB8-8B4A-11D0-8D11-00A0C91BC942}") = "libpng", "libpng\libpng.vcxproj", "{0998FC44-4E16-403C-8383-CE1806675815}"
EndProject
Project("{8BC9CEB8-8B4A-11D0-8D11-00A0C91BC942}") = "zlib", "zlib\zlib.vcxproj", "{19BB444D-5C4B-4D91-B72D-9C5C33586DB0}"
EndProject
Project("{8BC9CEB8-8B4A-11D0-8D11-00A0C91BC942}") = "tinyxml", "tinyxml\tinyxml.vcxproj", "{466F535B-2179-44C2-86A4-404F9B1A320C}"
EndProject
Project("{8BC9CEB8-8B4A-11D0-8D11-00A0C91BC942}") = "spdlog", "spdlog\spdlog.vcxproj", "{1B241831-2F8D-44E5-ADF6-61E823625ED3}"
EndProject
Global
	GlobalSection(SolutionConfigurationPlatforms) = preSolution
		Debug|x64 = Debug|x64
		Debug|x86 = Debug|x86
		Release|x64 = Release|x64
		Release|x86 = Release|x86
	EndGlobalSection
	GlobalSection(ProjectConfigurationPlatforms) = postSolution
		{6913AD96-4D42-4F47-82FA-1A1D5601C82A}.Debug|x64.ActiveCfg = Debug|x64
		{6913AD96-4D42-4F47-82FA-1A1D5601C82A}.Debug|x64.Build.0 = Debug|x64
		{6913AD96-4D42-4F47-82FA-1A1D5601C82A}.Debug|x86.ActiveCfg = Debug|Win32
		{6913AD96-4D42-4F47-82FA-1A1D5601C82A}.Debug|x86.Build.0 = Debug|Win32
		{6913AD96-4D42-4F47-82FA-1A1D5601C82A}.Release|x64.ActiveCfg = Release|x64
		{6913AD96-4D42-4F47-82FA-1A1D5601C82A}.Release|x64.Build.0 = Release|x64
		{6913AD96-4D42-4F47-82FA-1A1D5601C82A}.Release|x86.ActiveCfg = Release|Win32
		{6913AD96-4D42-4F47-82FA-1A1D5601C82A}.Release|x86.Build.0 = Release|Win32
		{0998FC44-4E16-403C-8383-CE1806675815}.Debug|x64.ActiveCfg = Debug|x64
		{0998FC44-4E16-403C-8383-CE1806675815}.Debug|x64.Build.0 = Debug|x64
		{0998FC44-4E16-403C-8383-CE1806675815}.Debug|x86.ActiveCfg = Debug|Win32
		{0998FC44-4E16-403C-8383-CE1806675815}.Debug|x86.Build.0 = Debug|Win32
		{0998FC44-4E16-403C-8383-CE1806675815}.Release|x64.ActiveCfg = Release|x64
		{0998FC44-4E16-403C-8383-CE1806675815}.Release|x64.Build.0 = Release|x64
		{0998FC44-4E16-403C-8383-CE1806675815}.Release|x86.ActiveCfg = Release|Win32
		{0998FC44-4E16-403C-8383-CE1806675815}.Release|x86.Build.0 = Release|Win32
		{19BB444D-5C4B-4D91-B72D-9C5C33586DB0}.Debug|x64.ActiveCfg = Debug|x64
		{19BB444D-5C4B-4D91-B72D-9C5C33586DB0}.Debug|x64.Build.0 = Debug|x64
		{19BB444D-5C4B-4D91-B72D-9C5C33586DB0}.Debug|x86.ActiveCfg = Debug|Win32
		{19BB444D-5C4B-4D91-B72D-9C5C33586DB0}.Debug|x86.Build.0 = Debug|Win32
		{19BB444D-5C4B-4D91-B72D-9C5C33586DB0}.Release|x64.ActiveCfg = Release|x64
		{19BB444D-5C4B-4D91-B72D-9C5C33586DB0}.Release|x64.Build.0 = Release|x64
		{19BB444D-5C4B-4D91-B72D-9C5C33586DB0}.Release|x86.ActiveCfg = Release|Win32
		{19BB444D-5C4B-4D91-B72D-9C5C33586DB0}.Release|x86.Build.0 = Release|Win32
		{466F535B-2179-44C2-86A4-404F9B1A320C}.Debug|x64.ActiveCfg = Debug|x64
		{466F535B-2179-44C2-86A4-404F9B1A320C}.Debug|x64.Build.0 = Debug|x64
		{466F535B-2179-44C2-86A4-404F9B1A320C}.Debug|x86.ActiveCfg = Debug|Win32
		{466F535B-2179-44C2-86A4-404F9B1A320C}.Debug|x86.Build.0 = Debug|Win32
		{466F535B-2179-44C2-86A4-404F9B1A320C}.Release|x64.ActiveCfg = Release|x64
		{466F535B-2179-44C2-86A4-404F9B1A320C}.Release|x64.Build.0 = Release|x64
		{466F535B-2179-44C2-86A4-404F9B1A320C}.Release|x86.ActiveCfg = Release|Win32
		{466F535B-2179-44C2-86A4-404F9B1A320C}.Release|x86.Build.0 = Release|Win32
		{1B241831-2F8D-44E5-ADF6-61E823625ED3}.Debug|x64.ActiveCfg = Debug|x64
		{1B241831-2F8D-44E5-ADF6-61E823625ED3}.Debug|x64.Build.0 = Debug|x64
		{1B241831-2F8D-44E5-ADF6-61E823625ED3}.Debug|x86.ActiveCfg = Debug|Win32
		{1B241831-2F8D-44E5-ADF6-61E823625ED3}.Debug|x86.Build.0 = Debug|Win32
		{1B241831-2F8D-44E5-ADF6-61E823625ED3}.Release|x64.ActiveCfg = Release|x64
		{1B241831-2F8D-44E5-ADF6-61E823625ED3}.Release|x64.Build.0 = Release|x64
		{1B241831-2F8D-44E5-ADF6-61E823625ED3}.Release|x86.ActiveCfg = Release|Win32
		{1B241831-2F8D-44E5-ADF6-61E823625ED3}.Release|x86.Build.0 = Release|Win32
	EndGlobalSection
	GlobalSection(SolutionProperties) = preSolution
		HideSolutionNode = FALSE
	EndGlobalSection
EndGlobal
